
Microsoft Visual Studio Solution File, Format Version 12.00
Project("{FAE04EC0-301F-11D3-BF4B-00C04F79EFBC}") = "FlexForm-Backend", "FlexForm-Backend\FlexForm-Backend.csproj", "{B3DC0524-F107-4F56-A521-91B470EA625A}"
EndProject
Global
	GlobalSection(SolutionConfigurationPlatforms) = preSolution
		Debug|Any CPU = Debug|Any CPU
		Release|Any CPU = Release|Any CPU
	EndGlobalSection
	GlobalSection(ProjectConfigurationPlatforms) = postSolution
		{B3DC0524-F107-4F56-A521-91B470EA625A}.Debug|Any CPU.ActiveCfg = Debug|Any CPU
		{B3DC0524-F107-4F56-A521-91B470EA625A}.Debug|Any CPU.Build.0 = Debug|Any CPU
		{B3DC0524-F107-4F56-A521-91B470EA625A}.Release|Any CPU.ActiveCfg = Release|Any CPU
		{B3DC0524-F107-4F56-A521-91B470EA625A}.Release|Any CPU.Build.0 = Release|Any CPU
	EndGlobalSection
EndGlobal
